
Microsoft Visual Studio Solution File, Format Version 12.00
# Visual Studio 15
VisualStudioVersion = 15.0.28307.168
MinimumVisualStudioVersion = 10.0.40219.1
Project("{FAE04EC0-301F-11D3-BF4B-00C04F79EFBC}") = "ll_Merge", "ll_Merge\ll_Merge.csproj", "{57C9A872-B184-4B88-8057-9967D9DBF74A}"
EndProject
Project("{FAE04EC0-301F-11D3-BF4B-00C04F79EFBC}") = "ll_merge-unittesting", "..\ll_merge-unittesting\ll_merge-unittesting.csproj", "{F24EF055-275C-41DD-9BC4-B919FBF0311C}"
EndProject
Global
	GlobalSection(SolutionConfigurationPlatforms) = preSolution
		Debug|Any CPU = Debug|Any CPU
		Release|Any CPU = Release|Any CPU
	EndGlobalSection
	GlobalSection(ProjectConfigurationPlatforms) = postSolution
		{57C9A872-B184-4B88-8057-9967D9DBF74A}.Debug|Any CPU.ActiveCfg = Debug|Any CPU
		{57C9A872-B184-4B88-8057-9967D9DBF74A}.Debug|Any CPU.Build.0 = Debug|Any CPU
		{57C9A872-B184-4B88-8057-9967D9DBF74A}.Release|Any CPU.ActiveCfg = Release|Any CPU
		{57C9A872-B184-4B88-8057-9967D9DBF74A}.Release|Any CPU.Build.0 = Release|Any CPU
		{F24EF055-275C-41DD-9BC4-B919FBF0311C}.Debug|Any CPU.ActiveCfg = Debug|Any CPU
		{F24EF055-275C-41DD-9BC4-B919FBF0311C}.Debug|Any CPU.Build.0 = Debug|Any CPU
		{F24EF055-275C-41DD-9BC4-B919FBF0311C}.Release|Any CPU.ActiveCfg = Release|Any CPU
		{F24EF055-275C-41DD-9BC4-B919FBF0311C}.Release|Any CPU.Build.0 = Release|Any CPU
	EndGlobalSection
	GlobalSection(SolutionProperties) = preSolution
		HideSolutionNode = FALSE
	EndGlobalSection
	GlobalSection(ExtensibilityGlobals) = postSolution
		SolutionGuid = {1DBFF10D-6262-40EE-90C6-04CB30919730}
	EndGlobalSection
EndGlobal
