
Microsoft Visual Studio Solution File, Format Version 12.00
# Visual Studio 15
VisualStudioVersion = 15.0.28307.168
MinimumVisualStudioVersion = 10.0.40219.1
Project("{FAE04EC0-301F-11D3-BF4B-00C04F79EFBC}") = "GetEdges", "GetEdges\GetEdges.csproj", "{30C9CB5D-B47D-48A2-A1DD-9C07C1DC20EF}"
EndProject
Global
	GlobalSection(SolutionConfigurationPlatforms) = preSolution
		Debug|Any CPU = Debug|Any CPU
		Release|Any CPU = Release|Any CPU
	EndGlobalSection
	GlobalSection(ProjectConfigurationPlatforms) = postSolution
		{30C9CB5D-B47D-48A2-A1DD-9C07C1DC20EF}.Debug|Any CPU.ActiveCfg = Debug|Any CPU
		{30C9CB5D-B47D-48A2-A1DD-9C07C1DC20EF}.Debug|Any CPU.Build.0 = Debug|Any CPU
		{30C9CB5D-B47D-48A2-A1DD-9C07C1DC20EF}.Release|Any CPU.ActiveCfg = Release|Any CPU
		{30C9CB5D-B47D-48A2-A1DD-9C07C1DC20EF}.Release|Any CPU.Build.0 = Release|Any CPU
	EndGlobalSection
	GlobalSection(SolutionProperties) = preSolution
		HideSolutionNode = FALSE
	EndGlobalSection
	GlobalSection(ExtensibilityGlobals) = postSolution
		SolutionGuid = {BEDB9FCF-B822-462A-9C94-774A6581A309}
	EndGlobalSection
EndGlobal
