
Microsoft Visual Studio Solution File, Format Version 12.00
# Visual Studio 15
VisualStudioVersion = 15.0.28307.168
MinimumVisualStudioVersion = 10.0.40219.1
Project("{FAE04EC0-301F-11D3-BF4B-00C04F79EFBC}") = "repeatedWord", "repeatedWord\repeatedWord.csproj", "{62A55D57-F538-4A42-9035-ADED78DE3ECD}"
EndProject
Project("{FAE04EC0-301F-11D3-BF4B-00C04F79EFBC}") = "repeateword-unittesting", "repeateword-unittesting\repeateword-unittesting.csproj", "{B829AA6D-B03A-4423-A641-46E090A039F3}"
EndProject
Global
	GlobalSection(SolutionConfigurationPlatforms) = preSolution
		Debug|Any CPU = Debug|Any CPU
		Release|Any CPU = Release|Any CPU
	EndGlobalSection
	GlobalSection(ProjectConfigurationPlatforms) = postSolution
		{62A55D57-F538-4A42-9035-ADED78DE3ECD}.Debug|Any CPU.ActiveCfg = Debug|Any CPU
		{62A55D57-F538-4A42-9035-ADED78DE3ECD}.Debug|Any CPU.Build.0 = Debug|Any CPU
		{62A55D57-F538-4A42-9035-ADED78DE3ECD}.Release|Any CPU.ActiveCfg = Release|Any CPU
		{62A55D57-F538-4A42-9035-ADED78DE3ECD}.Release|Any CPU.Build.0 = Release|Any CPU
		{B829AA6D-B03A-4423-A641-46E090A039F3}.Debug|Any CPU.ActiveCfg = Debug|Any CPU
		{B829AA6D-B03A-4423-A641-46E090A039F3}.Debug|Any CPU.Build.0 = Debug|Any CPU
		{B829AA6D-B03A-4423-A641-46E090A039F3}.Release|Any CPU.ActiveCfg = Release|Any CPU
		{B829AA6D-B03A-4423-A641-46E090A039F3}.Release|Any CPU.Build.0 = Release|Any CPU
	EndGlobalSection
	GlobalSection(SolutionProperties) = preSolution
		HideSolutionNode = FALSE
	EndGlobalSection
	GlobalSection(ExtensibilityGlobals) = postSolution
		SolutionGuid = {D3B8A28B-F8AB-4A83-942C-FF57CBB25638}
	EndGlobalSection
EndGlobal
