
Microsoft Visual Studio Solution File, Format Version 12.00
# Visual Studio 15
VisualStudioVersion = 15.0.28307.168
MinimumVisualStudioVersion = 10.0.40219.1
Project("{FAE04EC0-301F-11D3-BF4B-00C04F79EFBC}") = "LinkedList", "LinkedList\LinkedList.csproj", "{B5CFE443-C31B-4EA2-B23B-AA0510FA617E}"
EndProject
Global
	GlobalSection(SolutionConfigurationPlatforms) = preSolution
		Debug|Any CPU = Debug|Any CPU
		Release|Any CPU = Release|Any CPU
	EndGlobalSection
	GlobalSection(ProjectConfigurationPlatforms) = postSolution
		{B5CFE443-C31B-4EA2-B23B-AA0510FA617E}.Debug|Any CPU.ActiveCfg = Debug|Any CPU
		{B5CFE443-C31B-4EA2-B23B-AA0510FA617E}.Debug|Any CPU.Build.0 = Debug|Any CPU
		{B5CFE443-C31B-4EA2-B23B-AA0510FA617E}.Release|Any CPU.ActiveCfg = Release|Any CPU
		{B5CFE443-C31B-4EA2-B23B-AA0510FA617E}.Release|Any CPU.Build.0 = Release|Any CPU
	EndGlobalSection
	GlobalSection(SolutionProperties) = preSolution
		HideSolutionNode = FALSE
	EndGlobalSection
	GlobalSection(ExtensibilityGlobals) = postSolution
		SolutionGuid = {39EB6EC7-5333-4795-ACE0-89B7F01AF13D}
	EndGlobalSection
EndGlobal
