
Microsoft Visual Studio Solution File, Format Version 12.00
# Visual Studio 15
VisualStudioVersion = 15.0.28307.168
MinimumVisualStudioVersion = 10.0.40219.1
Project("{FAE04EC0-301F-11D3-BF4B-00C04F79EFBC}") = "Graph", "Graph\Graph.csproj", "{DC7E4C2E-E668-4F47-B71C-E90CFCB8DC0D}"
EndProject
Global
	GlobalSection(SolutionConfigurationPlatforms) = preSolution
		Debug|Any CPU = Debug|Any CPU
		Release|Any CPU = Release|Any CPU
	EndGlobalSection
	GlobalSection(ProjectConfigurationPlatforms) = postSolution
		{DC7E4C2E-E668-4F47-B71C-E90CFCB8DC0D}.Debug|Any CPU.ActiveCfg = Debug|Any CPU
		{DC7E4C2E-E668-4F47-B71C-E90CFCB8DC0D}.Debug|Any CPU.Build.0 = Debug|Any CPU
		{DC7E4C2E-E668-4F47-B71C-E90CFCB8DC0D}.Release|Any CPU.ActiveCfg = Release|Any CPU
		{DC7E4C2E-E668-4F47-B71C-E90CFCB8DC0D}.Release|Any CPU.Build.0 = Release|Any CPU
	EndGlobalSection
	GlobalSection(SolutionProperties) = preSolution
		HideSolutionNode = FALSE
	EndGlobalSection
	GlobalSection(ExtensibilityGlobals) = postSolution
		SolutionGuid = {425C3DB3-5426-4E29-B376-BE163D7CDFF8}
	EndGlobalSection
EndGlobal
